
Microsoft Visual Studio Solution File, Format Version 12.00
# Visual Studio Version 17
VisualStudioVersion = 17.2.32526.322
MinimumVisualStudioVersion = 10.0.40219.1
Project("{2150E333-8FDC-42A3-9474-1A3956D46DE8}") = "src", "src", "{89408BBD-B69C-422E-B690-23D47A0276C6}"
EndProject
Project("{9A19103F-16F7-4668-BE54-9A1E7A4F7556}") = "automato", "src\automato\automato.csproj", "{AF036FAC-710E-47F1-9F7D-C6AC03E4B358}"
EndProject
Project("{9A19103F-16F7-4668-BE54-9A1E7A4F7556}") = "automato.Infrastructure.LiteDB", "src\automato.Infrastructure.LiteDB\automato.Infrastructure.LiteDB.csproj", "{07A9D76D-2776-4961-B390-3F4AC9FADD6D}"
EndProject
Project("{9A19103F-16F7-4668-BE54-9A1E7A4F7556}") = "automato.Domain.Services", "src\automato.Domain.Services\automato.Domain.Services.csproj", "{2A961958-1B46-41E2-99FD-C85C403CC7AE}"
EndProject
Project("{9A19103F-16F7-4668-BE54-9A1E7A4F7556}") = "automato.Domain", "src\automato.Domain\automato.Domain.csproj", "{764461F2-9F60-4E26-B9D7-0A6E7620316E}"
EndProject
Project("{9A19103F-16F7-4668-BE54-9A1E7A4F7556}") = "automato.Framework", "src\automato.Framework\automato.Framework.csproj", "{51C5DF1B-B025-494D-8188-DD9F7E4473DC}"
EndProject
Global
	GlobalSection(SolutionConfigurationPlatforms) = preSolution
		Debug|Any CPU = Debug|Any CPU
		Release|Any CPU = Release|Any CPU
	EndGlobalSection
	GlobalSection(ProjectConfigurationPlatforms) = postSolution
		{AF036FAC-710E-47F1-9F7D-C6AC03E4B358}.Debug|Any CPU.ActiveCfg = Debug|Any CPU
		{AF036FAC-710E-47F1-9F7D-C6AC03E4B358}.Debug|Any CPU.Build.0 = Debug|Any CPU
		{AF036FAC-710E-47F1-9F7D-C6AC03E4B358}.Release|Any CPU.ActiveCfg = Release|Any CPU
		{AF036FAC-710E-47F1-9F7D-C6AC03E4B358}.Release|Any CPU.Build.0 = Release|Any CPU
		{07A9D76D-2776-4961-B390-3F4AC9FADD6D}.Debug|Any CPU.ActiveCfg = Debug|Any CPU
		{07A9D76D-2776-4961-B390-3F4AC9FADD6D}.Debug|Any CPU.Build.0 = Debug|Any CPU
		{07A9D76D-2776-4961-B390-3F4AC9FADD6D}.Release|Any CPU.ActiveCfg = Release|Any CPU
		{07A9D76D-2776-4961-B390-3F4AC9FADD6D}.Release|Any CPU.Build.0 = Release|Any CPU
		{2A961958-1B46-41E2-99FD-C85C403CC7AE}.Debug|Any CPU.ActiveCfg = Debug|Any CPU
		{2A961958-1B46-41E2-99FD-C85C403CC7AE}.Debug|Any CPU.Build.0 = Debug|Any CPU
		{2A961958-1B46-41E2-99FD-C85C403CC7AE}.Release|Any CPU.ActiveCfg = Release|Any CPU
		{2A961958-1B46-41E2-99FD-C85C403CC7AE}.Release|Any CPU.Build.0 = Release|Any CPU
		{764461F2-9F60-4E26-B9D7-0A6E7620316E}.Debug|Any CPU.ActiveCfg = Debug|Any CPU
		{764461F2-9F60-4E26-B9D7-0A6E7620316E}.Debug|Any CPU.Build.0 = Debug|Any CPU
		{764461F2-9F60-4E26-B9D7-0A6E7620316E}.Release|Any CPU.ActiveCfg = Release|Any CPU
		{764461F2-9F60-4E26-B9D7-0A6E7620316E}.Release|Any CPU.Build.0 = Release|Any CPU
		{51C5DF1B-B025-494D-8188-DD9F7E4473DC}.Debug|Any CPU.ActiveCfg = Debug|Any CPU
		{51C5DF1B-B025-494D-8188-DD9F7E4473DC}.Debug|Any CPU.Build.0 = Debug|Any CPU
		{51C5DF1B-B025-494D-8188-DD9F7E4473DC}.Release|Any CPU.ActiveCfg = Release|Any CPU
		{51C5DF1B-B025-494D-8188-DD9F7E4473DC}.Release|Any CPU.Build.0 = Release|Any CPU
	EndGlobalSection
	GlobalSection(SolutionProperties) = preSolution
		HideSolutionNode = FALSE
	EndGlobalSection
	GlobalSection(NestedProjects) = preSolution
		{AF036FAC-710E-47F1-9F7D-C6AC03E4B358} = {89408BBD-B69C-422E-B690-23D47A0276C6}
		{07A9D76D-2776-4961-B390-3F4AC9FADD6D} = {89408BBD-B69C-422E-B690-23D47A0276C6}
		{2A961958-1B46-41E2-99FD-C85C403CC7AE} = {89408BBD-B69C-422E-B690-23D47A0276C6}
		{764461F2-9F60-4E26-B9D7-0A6E7620316E} = {89408BBD-B69C-422E-B690-23D47A0276C6}
		{51C5DF1B-B025-494D-8188-DD9F7E4473DC} = {89408BBD-B69C-422E-B690-23D47A0276C6}
	EndGlobalSection
	GlobalSection(ExtensibilityGlobals) = postSolution
		SolutionGuid = {BA263184-4BB2-422C-BBB8-7984281FC076}
	EndGlobalSection
EndGlobal
